
Microsoft Visual Studio Solution File, Format Version 12.00
# Visual Studio Version 16
VisualStudioVersion = 16.0.30104.148
MinimumVisualStudioVersion = 10.0.40219.1
Project("{FAE04EC0-301F-11D3-BF4B-00C04F79EFBC}") = "AngularRestWebAPI", "AngularRestWebAPI\AngularRestWebAPI.csproj", "{3684973E-A871-4858-99B1-087F24DC6BBA}"
EndProject
Global
	GlobalSection(SolutionConfigurationPlatforms) = preSolution
		Debug|Any CPU = Debug|Any CPU
		Release|Any CPU = Release|Any CPU
	EndGlobalSection
	GlobalSection(ProjectConfigurationPlatforms) = postSolution
		{3684973E-A871-4858-99B1-087F24DC6BBA}.Debug|Any CPU.ActiveCfg = Debug|Any CPU
		{3684973E-A871-4858-99B1-087F24DC6BBA}.Debug|Any CPU.Build.0 = Debug|Any CPU
		{3684973E-A871-4858-99B1-087F24DC6BBA}.Release|Any CPU.ActiveCfg = Release|Any CPU
		{3684973E-A871-4858-99B1-087F24DC6BBA}.Release|Any CPU.Build.0 = Release|Any CPU
	EndGlobalSection
	GlobalSection(SolutionProperties) = preSolution
		HideSolutionNode = FALSE
	EndGlobalSection
	GlobalSection(ExtensibilityGlobals) = postSolution
		SolutionGuid = {6FDD4672-561F-45EC-85FD-B151063FB353}
	EndGlobalSection
EndGlobal
